// !$*UTF8*$!
{
	archiveVersion = 1;
	classes = {
	};
	objectVersion = 51;
	objects = {

/* Begin PBXBuildFile section */
		44037E50E4480D7344D06657 /* Pods_PDFUITests.framework in Frameworks */ = {isa = PBXBuildFile; fileRef = 880355D78A7EEECADE4FFDF9 /* Pods_PDFUITests.framework */; };
		4D2375E722E83F770037980C /* AppDelegate.swift in Sources */ = {isa = PBXBuildFile; fileRef = 4D2375E622E83F770037980C /* AppDelegate.swift */; };
		4D2375E922E83F770037980C /* ViewController.swift in Sources */ = {isa = PBXBuildFile; fileRef = 4D2375E822E83F770037980C /* ViewController.swift */; };
		4D2375EC22E83F770037980C /* Main.storyboard in Resources */ = {isa = PBXBuildFile; fileRef = 4D2375EA22E83F770037980C /* Main.storyboard */; };
		4D2375EF22E83F770037980C /* PDF.xcdatamodeld in Sources */ = {isa = PBXBuildFile; fileRef = 4D2375ED22E83F770037980C /* PDF.xcdatamodeld */; };
		4D2375F122E83F790037980C /* Assets.xcassets in Resources */ = {isa = PBXBuildFile; fileRef = 4D2375F022E83F790037980C /* Assets.xcassets */; };
		4D2375F422E83F790037980C /* LaunchScreen.storyboard in Resources */ = {isa = PBXBuildFile; fileRef = 4D2375F222E83F790037980C /* LaunchScreen.storyboard */; };
		4D2375FF22E83F790037980C /* PDFTests.swift in Sources */ = {isa = PBXBuildFile; fileRef = 4D2375FE22E83F790037980C /* PDFTests.swift */; };
		4D23760A22E83F790037980C /* PDFUITests.swift in Sources */ = {isa = PBXBuildFile; fileRef = 4D23760922E83F790037980C /* PDFUITests.swift */; };
		4D23764F22E83F8C0037980C /* PDFViewController.swift in Sources */ = {isa = PBXBuildFile; fileRef = 4D23761A22E83F8C0037980C /* PDFViewController.swift */; };
		4D23765022E83F8C0037980C /* PDFRenderer.swift in Sources */ = {isa = PBXBuildFile; fileRef = 4D23761B22E83F8C0037980C /* PDFRenderer.swift */; };
		4D23765122E83F8C0037980C /* PDFSinglePageViewer.swift in Sources */ = {isa = PBXBuildFile; fileRef = 4D23761C22E83F8C0037980C /* PDFSinglePageViewer.swift */; };
		4D23765222E83F8C0037980C /* PDFPageTileLayer.swift in Sources */ = {isa = PBXBuildFile; fileRef = 4D23761D22E83F8C0037980C /* PDFPageTileLayer.swift */; };
		4D23765322E83F8C0037980C /* PDFSinglePageCell.swift in Sources */ = {isa = PBXBuildFile; fileRef = 4D23761E22E83F8C0037980C /* PDFSinglePageCell.swift */; };
		4D23765422E83F8C0037980C /* PDFPageScrubberThumb.swift in Sources */ = {isa = PBXBuildFile; fileRef = 4D23761F22E83F8C0037980C /* PDFPageScrubberThumb.swift */; };
		4D23765522E83F8C0037980C /* PDFDocument.swift in Sources */ = {isa = PBXBuildFile; fileRef = 4D23762022E83F8C0037980C /* PDFDocument.swift */; };
		4D23765622E83F8C0037980C /* PDFPageContent.swift in Sources */ = {isa = PBXBuildFile; fileRef = 4D23762122E83F8C0037980C /* PDFPageContent.swift */; };
		4D23765722E83F8C0037980C /* PDFPageScrubber.swift in Sources */ = {isa = PBXBuildFile; fileRef = 4D23762222E83F8C0037980C /* PDFPageScrubber.swift */; };
		4D23765822E83F8C0037980C /* PDFPageScrubberTrackControl.swift in Sources */ = {isa = PBXBuildFile; fileRef = 4D23762322E83F8C0037980C /* PDFPageScrubberTrackControl.swift */; };
		4D23765922E83F8C0037980C /* PDFThumbnailViewController.swift in Sources */ = {isa = PBXBuildFile; fileRef = 4D23762422E83F8C0037980C /* PDFThumbnailViewController.swift */; };
		4D23765A22E83F8C0037980C /* PDFDocumentLink.swift in Sources */ = {isa = PBXBuildFile; fileRef = 4D23762522E83F8C0037980C /* PDFDocumentLink.swift */; };
		4D23765B22E83F8C0037980C /* CGPDFDocument.swift in Sources */ = {isa = PBXBuildFile; fileRef = 4D23762622E83F8C0037980C /* CGPDFDocument.swift */; };
		4D23765C22E83F8C0037980C /* PDFThumbnailView.swift in Sources */ = {isa = PBXBuildFile; fileRef = 4D23762722E83F8C0037980C /* PDFThumbnailView.swift */; };
		4D23765D22E83F8C0037980C /* PDFSnapshotCache.swift in Sources */ = {isa = PBXBuildFile; fileRef = 4D23762822E83F8C0037980C /* PDFSnapshotCache.swift */; };
		4D23765E22E83F8C0037980C /* PDFPageContentView.swift in Sources */ = {isa = PBXBuildFile; fileRef = 4D23762922E83F8C0037980C /* PDFPageContentView.swift */; };
		4D23765F22E83F8C0037980C /* PDFThumbnailViewCell.swift in Sources */ = {isa = PBXBuildFile; fileRef = 4D23762A22E83F8C0037980C /* PDFThumbnailViewCell.swift */; };
		4D23766022E83F8C0037980C /* PDFArray.swift in Sources */ = {isa = PBXBuildFile; fileRef = 4D23762C22E83F8C0037980C /* PDFArray.swift */; };
		4D23766122E83F8C0037980C /* PDFDictionary.swift in Sources */ = {isa = PBXBuildFile; fileRef = 4D23762D22E83F8C0037980C /* PDFDictionary.swift */; };
		4D23766222E83F8C0037980C /* PDFFormButtonField.swift in Sources */ = {isa = PBXBuildFile; fileRef = 4D23762E22E83F8C0037980C /* PDFFormButtonField.swift */; };
		4D23766322E83F8C0037980C /* PDFFormSignatureField.swift in Sources */ = {isa = PBXBuildFile; fileRef = 4D23762F22E83F8C0037980C /* PDFFormSignatureField.swift */; };
		4D23766422E83F8C0037980C /* PDFFormField.swift in Sources */ = {isa = PBXBuildFile; fileRef = 4D23763022E83F8C0037980C /* PDFFormField.swift */; };
		4D23766522E83F8C0037980C /* PDFToggleButton.swift in Sources */ = {isa = PBXBuildFile; fileRef = 4D23763122E83F8C0037980C /* PDFToggleButton.swift */; };
		4D23766622E83F8C0037980C /* PDFObjectParser.swift in Sources */ = {isa = PBXBuildFile; fileRef = 4D23763222E83F8C0037980C /* PDFObjectParser.swift */; };
		4D23766722E83F8C0037980C /* PDFFormTextField.swift in Sources */ = {isa = PBXBuildFile; fileRef = 4D23763322E83F8C0037980C /* PDFFormTextField.swift */; };
		4D23766822E83F8C0037980C /* PDFFormViewController.swift in Sources */ = {isa = PBXBuildFile; fileRef = 4D23763422E83F8C0037980C /* PDFFormViewController.swift */; };
		4D23766922E83F8C0037980C /* PDFFormPageView.swift in Sources */ = {isa = PBXBuildFile; fileRef = 4D23763522E83F8C0037980C /* PDFFormPageView.swift */; };
		4D23766B22E83F8C0037980C /* UIColor.swift in Sources */ = {isa = PBXBuildFile; fileRef = 4D23763822E83F8C0037980C /* UIColor.swift */; };
		4D23766C22E83F8C0037980C /* CGPoint.swift in Sources */ = {isa = PBXBuildFile; fileRef = 4D23763922E83F8C0037980C /* CGPoint.swift */; };
		4D23766D22E83F8C0037980C /* UIImage.swift in Sources */ = {isa = PBXBuildFile; fileRef = 4D23763A22E83F8C0037980C /* UIImage.swift */; };
		4D23766E22E83F8C0037980C /* UIViewController.swift in Sources */ = {isa = PBXBuildFile; fileRef = 4D23763B22E83F8C0037980C /* UIViewController.swift */; };
		4D23766F22E83F8C0037980C /* CGRect.swift in Sources */ = {isa = PBXBuildFile; fileRef = 4D23763C22E83F8C0037980C /* CGRect.swift */; };
		4D23767022E83F8C0037980C /* PDFAnnotationController.swift in Sources */ = {isa = PBXBuildFile; fileRef = 4D23763E22E83F8C0037980C /* PDFAnnotationController.swift */; };
		4D23767122E83F8C0037980C /* PDFAnnotationStore.swift in Sources */ = {isa = PBXBuildFile; fileRef = 4D23763F22E83F8C0037980C /* PDFAnnotationStore.swift */; };
		4D23767222E83F8C0037980C /* PDFAnnotation.swift in Sources */ = {isa = PBXBuildFile; fileRef = 4D23764022E83F8C0037980C /* PDFAnnotation.swift */; };
		4D23767322E83F8C0037980C /* PDFPathAnnotation.swift in Sources */ = {isa = PBXBuildFile; fileRef = 4D23764122E83F8C0037980C /* PDFPathAnnotation.swift */; };
		4D23767422E83F8C0037980C /* PDFTextAnnotation.swift in Sources */ = {isa = PBXBuildFile; fileRef = 4D23764222E83F8C0037980C /* PDFTextAnnotation.swift */; };
		4D23767522E83F8C0037980C /* PDFActionGoTo.swift in Sources */ = {isa = PBXBuildFile; fileRef = 4D23764422E83F8C0037980C /* PDFActionGoTo.swift */; };
		4D23767622E83F8C0037980C /* PDFAction.swift in Sources */ = {isa = PBXBuildFile; fileRef = 4D23764522E83F8C0037980C /* PDFAction.swift */; };
		4D23767722E83F8C0037980C /* PDFActionURL.swift in Sources */ = {isa = PBXBuildFile; fileRef = 4D23764622E83F8C0037980C /* PDFActionURL.swift */; };
		4D23767822E83F8C0037980C /* ResizeableView.swift in Sources */ = {isa = PBXBuildFile; fileRef = 4D23764822E83F8C0037980C /* ResizeableView.swift */; };
		4D23767922E83F8C0037980C /* PDFBarButton.swift in Sources */ = {isa = PBXBuildFile; fileRef = 4D23764922E83F8C0037980C /* PDFBarButton.swift */; };
		4D23767A22E83F8C0037980C /* PDFTextParser.swift in Sources */ = {isa = PBXBuildFile; fileRef = 4D23764B22E83F8C0037980C /* PDFTextParser.swift */; };
		4D23767B22E83F8C0037980C /* .gitkeep in Resources */ = {isa = PBXBuildFile; fileRef = 4D23764D22E83F8C0037980C /* .gitkeep */; };
		4D23767C22E83F8C0037980C /* Images.xcassets in Resources */ = {isa = PBXBuildFile; fileRef = 4D23764E22E83F8C0037980C /* Images.xcassets */; };
		4D23767E22E841370037980C /* JAVA.pdf in Resources */ = {isa = PBXBuildFile; fileRef = 4D23767D22E841370037980C /* JAVA.pdf */; };
		4D23768022E846E30037980C /* sample2.pdf in Resources */ = {isa = PBXBuildFile; fileRef = 4D23767F22E846E30037980C /* sample2.pdf */; };
		4D23768B22E97EE70037980C /* page_1.pdf in Resources */ = {isa = PBXBuildFile; fileRef = 4D23768A22E97EE70037980C /* page_1.pdf */; };
		4D23768E22E97F910037980C /* Network.swift in Sources */ = {isa = PBXBuildFile; fileRef = 4D23768D22E97F910037980C /* Network.swift */; };
		4D2376A422EED85D0037980C /* PDFCircleAnnotation.swift in Sources */ = {isa = PBXBuildFile; fileRef = 4D2376A322EED85C0037980C /* PDFCircleAnnotation.swift */; };
		9979DF5F64F6C956ED7A4875 /* Pods_PDF.framework in Frameworks */ = {isa = PBXBuildFile; fileRef = 91E673C631E5B2A6496B3292 /* Pods_PDF.framework */; };
		BFFBA346ED6F106BA3EE376F /* Pods_PDFTests.framework in Frameworks */ = {isa = PBXBuildFile; fileRef = 2F695A4316F0242A8554E65B /* Pods_PDFTests.framework */; };
/* End PBXBuildFile section */

/* Begin PBXContainerItemProxy section */
		4D2375FB22E83F790037980C /* PBXContainerItemProxy */ = {
			isa = PBXContainerItemProxy;
			containerPortal = 4D2375DB22E83F770037980C /* Project object */;
			proxyType = 1;
			remoteGlobalIDString = 4D2375E222E83F770037980C;
			remoteInfo = PDF;
		};
		4D23760622E83F790037980C /* PBXContainerItemProxy */ = {
			isa = PBXContainerItemProxy;
			containerPortal = 4D2375DB22E83F770037980C /* Project object */;
			proxyType = 1;
			remoteGlobalIDString = 4D2375E222E83F770037980C;
			remoteInfo = PDF;
		};
/* End PBXContainerItemProxy section */

/* Begin PBXFileReference section */
		2D76E6FBD6E4319E43E92450 /* Pods-PDFTests.release.xcconfig */ = {isa = PBXFileReference; includeInIndex = 1; lastKnownFileType = text.xcconfig; name = "Pods-PDFTests.release.xcconfig"; path = "Target Support Files/Pods-PDFTests/Pods-PDFTests.release.xcconfig"; sourceTree = "<group>"; };
		2F695A4316F0242A8554E65B /* Pods_PDFTests.framework */ = {isa = PBXFileReference; explicitFileType = wrapper.framework; includeInIndex = 0; path = Pods_PDFTests.framework; sourceTree = BUILT_PRODUCTS_DIR; };
		4D2375E322E83F770037980C /* PDF.app */ = {isa = PBXFileReference; explicitFileType = wrapper.application; includeInIndex = 0; path = PDF.app; sourceTree = BUILT_PRODUCTS_DIR; };
		4D2375E622E83F770037980C /* AppDelegate.swift */ = {isa = PBXFileReference; lastKnownFileType = sourcecode.swift; path = AppDelegate.swift; sourceTree = "<group>"; };
		4D2375E822E83F770037980C /* ViewController.swift */ = {isa = PBXFileReference; lastKnownFileType = sourcecode.swift; path = ViewController.swift; sourceTree = "<group>"; };
		4D2375EB22E83F770037980C /* Base */ = {isa = PBXFileReference; lastKnownFileType = file.storyboard; name = Base; path = Base.lproj/Main.storyboard; sourceTree = "<group>"; };
		4D2375EE22E83F770037980C /* PDF.xcdatamodel */ = {isa = PBXFileReference; lastKnownFileType = wrapper.xcdatamodel; path = PDF.xcdatamodel; sourceTree = "<group>"; };
		4D2375F022E83F790037980C /* Assets.xcassets */ = {isa = PBXFileReference; lastKnownFileType = folder.assetcatalog; path = Assets.xcassets; sourceTree = "<group>"; };
		4D2375F322E83F790037980C /* Base */ = {isa = PBXFileReference; lastKnownFileType = file.storyboard; name = Base; path = Base.lproj/LaunchScreen.storyboard; sourceTree = "<group>"; };
		4D2375F522E83F790037980C /* Info.plist */ = {isa = PBXFileReference; lastKnownFileType = text.plist.xml; path = Info.plist; sourceTree = "<group>"; };
		4D2375FA22E83F790037980C /* PDFTests.xctest */ = {isa = PBXFileReference; explicitFileType = wrapper.cfbundle; includeInIndex = 0; path = PDFTests.xctest; sourceTree = BUILT_PRODUCTS_DIR; };
		4D2375FE22E83F790037980C /* PDFTests.swift */ = {isa = PBXFileReference; lastKnownFileType = sourcecode.swift; path = PDFTests.swift; sourceTree = "<group>"; };
		4D23760022E83F790037980C /* Info.plist */ = {isa = PBXFileReference; lastKnownFileType = text.plist.xml; path = Info.plist; sourceTree = "<group>"; };
		4D23760522E83F790037980C /* PDFUITests.xctest */ = {isa = PBXFileReference; explicitFileType = wrapper.cfbundle; includeInIndex = 0; path = PDFUITests.xctest; sourceTree = BUILT_PRODUCTS_DIR; };
		4D23760922E83F790037980C /* PDFUITests.swift */ = {isa = PBXFileReference; lastKnownFileType = sourcecode.swift; path = PDFUITests.swift; sourceTree = "<group>"; };
		4D23760B22E83F790037980C /* Info.plist */ = {isa = PBXFileReference; lastKnownFileType = text.plist.xml; path = Info.plist; sourceTree = "<group>"; };
		4D23761A22E83F8C0037980C /* PDFViewController.swift */ = {isa = PBXFileReference; fileEncoding = 4; lastKnownFileType = sourcecode.swift; path = PDFViewController.swift; sourceTree = "<group>"; };
		4D23761B22E83F8C0037980C /* PDFRenderer.swift */ = {isa = PBXFileReference; fileEncoding = 4; lastKnownFileType = sourcecode.swift; path = PDFRenderer.swift; sourceTree = "<group>"; };
		4D23761C22E83F8C0037980C /* PDFSinglePageViewer.swift */ = {isa = PBXFileReference; fileEncoding = 4; lastKnownFileType = sourcecode.swift; path = PDFSinglePageViewer.swift; sourceTree = "<group>"; };
		4D23761D22E83F8C0037980C /* PDFPageTileLayer.swift */ = {isa = PBXFileReference; fileEncoding = 4; lastKnownFileType = sourcecode.swift; path = PDFPageTileLayer.swift; sourceTree = "<group>"; };
		4D23761E22E83F8C0037980C /* PDFSinglePageCell.swift */ = {isa = PBXFileReference; fileEncoding = 4; lastKnownFileType = sourcecode.swift; path = PDFSinglePageCell.swift; sourceTree = "<group>"; };
		4D23761F22E83F8C0037980C /* PDFPageScrubberThumb.swift */ = {isa = PBXFileReference; fileEncoding = 4; lastKnownFileType = sourcecode.swift; path = PDFPageScrubberThumb.swift; sourceTree = "<group>"; };
		4D23762022E83F8C0037980C /* PDFDocument.swift */ = {isa = PBXFileReference; fileEncoding = 4; lastKnownFileType = sourcecode.swift; path = PDFDocument.swift; sourceTree = "<group>"; };
		4D23762122E83F8C0037980C /* PDFPageContent.swift */ = {isa = PBXFileReference; fileEncoding = 4; lastKnownFileType = sourcecode.swift; path = PDFPageContent.swift; sourceTree = "<group>"; };
		4D23762222E83F8C0037980C /* PDFPageScrubber.swift */ = {isa = PBXFileReference; fileEncoding = 4; lastKnownFileType = sourcecode.swift; path = PDFPageScrubber.swift; sourceTree = "<group>"; };
		4D23762322E83F8C0037980C /* PDFPageScrubberTrackControl.swift */ = {isa = PBXFileReference; fileEncoding = 4; lastKnownFileType = sourcecode.swift; path = PDFPageScrubberTrackControl.swift; sourceTree = "<group>"; };
		4D23762422E83F8C0037980C /* PDFThumbnailViewController.swift */ = {isa = PBXFileReference; fileEncoding = 4; lastKnownFileType = sourcecode.swift; path = PDFThumbnailViewController.swift; sourceTree = "<group>"; };
		4D23762522E83F8C0037980C /* PDFDocumentLink.swift */ = {isa = PBXFileReference; fileEncoding = 4; lastKnownFileType = sourcecode.swift; path = PDFDocumentLink.swift; sourceTree = "<group>"; };
		4D23762622E83F8C0037980C /* CGPDFDocument.swift */ = {isa = PBXFileReference; fileEncoding = 4; lastKnownFileType = sourcecode.swift; path = CGPDFDocument.swift; sourceTree = "<group>"; };
		4D23762722E83F8C0037980C /* PDFThumbnailView.swift */ = {isa = PBXFileReference; fileEncoding = 4; lastKnownFileType = sourcecode.swift; path = PDFThumbnailView.swift; sourceTree = "<group>"; };
		4D23762822E83F8C0037980C /* PDFSnapshotCache.swift */ = {isa = PBXFileReference; fileEncoding = 4; lastKnownFileType = sourcecode.swift; path = PDFSnapshotCache.swift; sourceTree = "<group>"; };
		4D23762922E83F8C0037980C /* PDFPageContentView.swift */ = {isa = PBXFileReference; fileEncoding = 4; lastKnownFileType = sourcecode.swift; path = PDFPageContentView.swift; sourceTree = "<group>"; };
		4D23762A22E83F8C0037980C /* PDFThumbnailViewCell.swift */ = {isa = PBXFileReference; fileEncoding = 4; lastKnownFileType = sourcecode.swift; path = PDFThumbnailViewCell.swift; sourceTree = "<group>"; };
		4D23762C22E83F8C0037980C /* PDFArray.swift */ = {isa = PBXFileReference; fileEncoding = 4; lastKnownFileType = sourcecode.swift; path = PDFArray.swift; sourceTree = "<group>"; };
		4D23762D22E83F8C0037980C /* PDFDictionary.swift */ = {isa = PBXFileReference; fileEncoding = 4; lastKnownFileType = sourcecode.swift; path = PDFDictionary.swift; sourceTree = "<group>"; };
		4D23762E22E83F8C0037980C /* PDFFormButtonField.swift */ = {isa = PBXFileReference; fileEncoding = 4; lastKnownFileType = sourcecode.swift; path = PDFFormButtonField.swift; sourceTree = "<group>"; };
		4D23762F22E83F8C0037980C /* PDFFormSignatureField.swift */ = {isa = PBXFileReference; fileEncoding = 4; lastKnownFileType = sourcecode.swift; path = PDFFormSignatureField.swift; sourceTree = "<group>"; };
		4D23763022E83F8C0037980C /* PDFFormField.swift */ = {isa = PBXFileReference; fileEncoding = 4; lastKnownFileType = sourcecode.swift; path = PDFFormField.swift; sourceTree = "<group>"; };
		4D23763122E83F8C0037980C /* PDFToggleButton.swift */ = {isa = PBXFileReference; fileEncoding = 4; lastKnownFileType = sourcecode.swift; path = PDFToggleButton.swift; sourceTree = "<group>"; };
		4D23763222E83F8C0037980C /* PDFObjectParser.swift */ = {isa = PBXFileReference; fileEncoding = 4; lastKnownFileType = sourcecode.swift; path = PDFObjectParser.swift; sourceTree = "<group>"; };
		4D23763322E83F8C0037980C /* PDFFormTextField.swift */ = {isa = PBXFileReference; fileEncoding = 4; lastKnownFileType = sourcecode.swift; path = PDFFormTextField.swift; sourceTree = "<group>"; };
		4D23763422E83F8C0037980C /* PDFFormViewController.swift */ = {isa = PBXFileReference; fileEncoding = 4; lastKnownFileType = sourcecode.swift; path = PDFFormViewController.swift; sourceTree = "<group>"; };
		4D23763522E83F8C0037980C /* PDFFormPageView.swift */ = {isa = PBXFileReference; fileEncoding = 4; lastKnownFileType = sourcecode.swift; path = PDFFormPageView.swift; sourceTree = "<group>"; };
		4D23763822E83F8C0037980C /* UIColor.swift */ = {isa = PBXFileReference; fileEncoding = 4; lastKnownFileType = sourcecode.swift; path = UIColor.swift; sourceTree = "<group>"; };
		4D23763922E83F8C0037980C /* CGPoint.swift */ = {isa = PBXFileReference; fileEncoding = 4; lastKnownFileType = sourcecode.swift; path = CGPoint.swift; sourceTree = "<group>"; };
		4D23763A22E83F8C0037980C /* UIImage.swift */ = {isa = PBXFileReference; fileEncoding = 4; lastKnownFileType = sourcecode.swift; path = UIImage.swift; sourceTree = "<group>"; };
		4D23763B22E83F8C0037980C /* UIViewController.swift */ = {isa = PBXFileReference; fileEncoding = 4; lastKnownFileType = sourcecode.swift; path = UIViewController.swift; sourceTree = "<group>"; };
		4D23763C22E83F8C0037980C /* CGRect.swift */ = {isa = PBXFileReference; fileEncoding = 4; lastKnownFileType = sourcecode.swift; path = CGRect.swift; sourceTree = "<group>"; };
		4D23763E22E83F8C0037980C /* PDFAnnotationController.swift */ = {isa = PBXFileReference; fileEncoding = 4; lastKnownFileType = sourcecode.swift; path = PDFAnnotationController.swift; sourceTree = "<group>"; };
		4D23763F22E83F8C0037980C /* PDFAnnotationStore.swift */ = {isa = PBXFileReference; fileEncoding = 4; lastKnownFileType = sourcecode.swift; path = PDFAnnotationStore.swift; sourceTree = "<group>"; };
		4D23764022E83F8C0037980C /* PDFAnnotation.swift */ = {isa = PBXFileReference; fileEncoding = 4; lastKnownFileType = sourcecode.swift; path = PDFAnnotation.swift; sourceTree = "<group>"; };
		4D23764122E83F8C0037980C /* PDFPathAnnotation.swift */ = {isa = PBXFileReference; fileEncoding = 4; lastKnownFileType = sourcecode.swift; path = PDFPathAnnotation.swift; sourceTree = "<group>"; };
		4D23764222E83F8C0037980C /* PDFTextAnnotation.swift */ = {isa = PBXFileReference; fileEncoding = 4; lastKnownFileType = sourcecode.swift; path = PDFTextAnnotation.swift; sourceTree = "<group>"; };
		4D23764422E83F8C0037980C /* PDFActionGoTo.swift */ = {isa = PBXFileReference; fileEncoding = 4; lastKnownFileType = sourcecode.swift; path = PDFActionGoTo.swift; sourceTree = "<group>"; };
		4D23764522E83F8C0037980C /* PDFAction.swift */ = {isa = PBXFileReference; fileEncoding = 4; lastKnownFileType = sourcecode.swift; path = PDFAction.swift; sourceTree = "<group>"; };
		4D23764622E83F8C0037980C /* PDFActionURL.swift */ = {isa = PBXFileReference; fileEncoding = 4; lastKnownFileType = sourcecode.swift; path = PDFActionURL.swift; sourceTree = "<group>"; };
		4D23764822E83F8C0037980C /* ResizeableView.swift */ = {isa = PBXFileReference; fileEncoding = 4; lastKnownFileType = sourcecode.swift; path = ResizeableView.swift; sourceTree = "<group>"; };
		4D23764922E83F8C0037980C /* PDFBarButton.swift */ = {isa = PBXFileReference; fileEncoding = 4; lastKnownFileType = sourcecode.swift; path = PDFBarButton.swift; sourceTree = "<group>"; };
		4D23764B22E83F8C0037980C /* PDFTextParser.swift */ = {isa = PBXFileReference; fileEncoding = 4; lastKnownFileType = sourcecode.swift; path = PDFTextParser.swift; sourceTree = "<group>"; };
		4D23764D22E83F8C0037980C /* .gitkeep */ = {isa = PBXFileReference; fileEncoding = 4; lastKnownFileType = text; path = .gitkeep; sourceTree = "<group>"; };
		4D23764E22E83F8C0037980C /* Images.xcassets */ = {isa = PBXFileReference; lastKnownFileType = folder.assetcatalog; path = Images.xcassets; sourceTree = "<group>"; };
		4D23767D22E841370037980C /* JAVA.pdf */ = {isa = PBXFileReference; lastKnownFileType = image.pdf; path = JAVA.pdf; sourceTree = "<group>"; };
		4D23767F22E846E30037980C /* sample2.pdf */ = {isa = PBXFileReference; lastKnownFileType = image.pdf; path = sample2.pdf; sourceTree = "<group>"; };
		4D23768A22E97EE70037980C /* page_1.pdf */ = {isa = PBXFileReference; lastKnownFileType = image.pdf; path = page_1.pdf; sourceTree = "<group>"; };
		4D23768D22E97F910037980C /* Network.swift */ = {isa = PBXFileReference; fileEncoding = 4; lastKnownFileType = sourcecode.swift; path = Network.swift; sourceTree = "<group>"; };
		4D2376A322EED85C0037980C /* PDFCircleAnnotation.swift */ = {isa = PBXFileReference; lastKnownFileType = sourcecode.swift; path = PDFCircleAnnotation.swift; sourceTree = "<group>"; };
		5DAADCA6DFF5E2646383FF0B /* Pods-PDF.release.xcconfig */ = {isa = PBXFileReference; includeInIndex = 1; lastKnownFileType = text.xcconfig; name = "Pods-PDF.release.xcconfig"; path = "Target Support Files/Pods-PDF/Pods-PDF.release.xcconfig"; sourceTree = "<group>"; };
		66D041F27ADC82796F0C57D3 /* Pods-PDFUITests.release.xcconfig */ = {isa = PBXFileReference; includeInIndex = 1; lastKnownFileType = text.xcconfig; name = "Pods-PDFUITests.release.xcconfig"; path = "Target Support Files/Pods-PDFUITests/Pods-PDFUITests.release.xcconfig"; sourceTree = "<group>"; };
		6AA2CA0FE2CC61A4AE75310D /* Pods-PDFTests.debug.xcconfig */ = {isa = PBXFileReference; includeInIndex = 1; lastKnownFileType = text.xcconfig; name = "Pods-PDFTests.debug.xcconfig"; path = "Target Support Files/Pods-PDFTests/Pods-PDFTests.debug.xcconfig"; sourceTree = "<group>"; };
		6DA3CD20947DC21299674449 /* Pods-PDFUITests.debug.xcconfig */ = {isa = PBXFileReference; includeInIndex = 1; lastKnownFileType = text.xcconfig; name = "Pods-PDFUITests.debug.xcconfig"; path = "Target Support Files/Pods-PDFUITests/Pods-PDFUITests.debug.xcconfig"; sourceTree = "<group>"; };
		880355D78A7EEECADE4FFDF9 /* Pods_PDFUITests.framework */ = {isa = PBXFileReference; explicitFileType = wrapper.framework; includeInIndex = 0; path = Pods_PDFUITests.framework; sourceTree = BUILT_PRODUCTS_DIR; };
		91E673C631E5B2A6496B3292 /* Pods_PDF.framework */ = {isa = PBXFileReference; explicitFileType = wrapper.framework; includeInIndex = 0; path = Pods_PDF.framework; sourceTree = BUILT_PRODUCTS_DIR; };
		D83036E3C5BCCDA138BE8150 /* Pods-PDF.debug.xcconfig */ = {isa = PBXFileReference; includeInIndex = 1; lastKnownFileType = text.xcconfig; name = "Pods-PDF.debug.xcconfig"; path = "Target Support Files/Pods-PDF/Pods-PDF.debug.xcconfig"; sourceTree = "<group>"; };
/* End PBXFileReference section */

/* Begin PBXFrameworksBuildPhase section */
		4D2375E022E83F770037980C /* Frameworks */ = {
			isa = PBXFrameworksBuildPhase;
			buildActionMask = 2147483647;
			files = (
				9979DF5F64F6C956ED7A4875 /* Pods_PDF.framework in Frameworks */,
			);
			runOnlyForDeploymentPostprocessing = 0;
		};
		4D2375F722E83F790037980C /* Frameworks */ = {
			isa = PBXFrameworksBuildPhase;
			buildActionMask = 2147483647;
			files = (
				BFFBA346ED6F106BA3EE376F /* Pods_PDFTests.framework in Frameworks */,
			);
			runOnlyForDeploymentPostprocessing = 0;
		};
		4D23760222E83F790037980C /* Frameworks */ = {
			isa = PBXFrameworksBuildPhase;
			buildActionMask = 2147483647;
			files = (
				44037E50E4480D7344D06657 /* Pods_PDFUITests.framework in Frameworks */,
			);
			runOnlyForDeploymentPostprocessing = 0;
		};
/* End PBXFrameworksBuildPhase section */

/* Begin PBXGroup section */
		4D2375DA22E83F770037980C = {
			isa = PBXGroup;
			children = (
				4D2375E522E83F770037980C /* PDF */,
				4D2375FD22E83F790037980C /* PDFTests */,
				4D23760822E83F790037980C /* PDFUITests */,
				4D2375E422E83F770037980C /* Products */,
				A80CECEFC5B745BC0CF876F3 /* Pods */,
				8F2C225840DD9E31FF9505F2 /* Frameworks */,
			);
			sourceTree = "<group>";
		};
		4D2375E422E83F770037980C /* Products */ = {
			isa = PBXGroup;
			children = (
				4D2375E322E83F770037980C /* PDF.app */,
				4D2375FA22E83F790037980C /* PDFTests.xctest */,
				4D23760522E83F790037980C /* PDFUITests.xctest */,
			);
			name = Products;
			sourceTree = "<group>";
		};
		4D2375E522E83F770037980C /* PDF */ = {
			isa = PBXGroup;
			children = (
				4D23768C22E97F910037980C /* Network */,
				4D23768A22E97EE70037980C /* page_1.pdf */,
				4D23767F22E846E30037980C /* sample2.pdf */,
				4D23767D22E841370037980C /* JAVA.pdf */,
				4D23761722E83F8C0037980C /* Pod */,
				4D2375E622E83F770037980C /* AppDelegate.swift */,
				4D2375E822E83F770037980C /* ViewController.swift */,
				4D2375EA22E83F770037980C /* Main.storyboard */,
				4D2375F022E83F790037980C /* Assets.xcassets */,
				4D2375F222E83F790037980C /* LaunchScreen.storyboard */,
				4D2375F522E83F790037980C /* Info.plist */,
				4D2375ED22E83F770037980C /* PDF.xcdatamodeld */,
			);
			path = PDF;
			sourceTree = "<group>";
		};
		4D2375FD22E83F790037980C /* PDFTests */ = {
			isa = PBXGroup;
			children = (
				4D2375FE22E83F790037980C /* PDFTests.swift */,
				4D23760022E83F790037980C /* Info.plist */,
			);
			path = PDFTests;
			sourceTree = "<group>";
		};
		4D23760822E83F790037980C /* PDFUITests */ = {
			isa = PBXGroup;
			children = (
				4D23760922E83F790037980C /* PDFUITests.swift */,
				4D23760B22E83F790037980C /* Info.plist */,
			);
			path = PDFUITests;
			sourceTree = "<group>";
		};
		4D23761722E83F8C0037980C /* Pod */ = {
			isa = PBXGroup;
			children = (
				4D23761822E83F8C0037980C /* Classes */,
				4D23764C22E83F8C0037980C /* Assets */,
			);
			path = Pod;
			sourceTree = "<group>";
		};
		4D23761822E83F8C0037980C /* Classes */ = {
			isa = PBXGroup;
			children = (
				4D23761922E83F8C0037980C /* Renderer */,
				4D23762B22E83F8C0037980C /* Form */,
				4D23763722E83F8C0037980C /* Extensions */,
				4D23763D22E83F8C0037980C /* Annotations */,
				4D23764322E83F8C0037980C /* Model */,
				4D23764722E83F8C0037980C /* View */,
				4D23764A22E83F8C0037980C /* TextParser */,
			);
			path = Classes;
			sourceTree = "<group>";
		};
		4D23761922E83F8C0037980C /* Renderer */ = {
			isa = PBXGroup;
			children = (
				4D23761A22E83F8C0037980C /* PDFViewController.swift */,
				4D23761B22E83F8C0037980C /* PDFRenderer.swift */,
				4D23761C22E83F8C0037980C /* PDFSinglePageViewer.swift */,
				4D23761D22E83F8C0037980C /* PDFPageTileLayer.swift */,
				4D23761E22E83F8C0037980C /* PDFSinglePageCell.swift */,
				4D23761F22E83F8C0037980C /* PDFPageScrubberThumb.swift */,
				4D23762022E83F8C0037980C /* PDFDocument.swift */,
				4D23762122E83F8C0037980C /* PDFPageContent.swift */,
				4D23762222E83F8C0037980C /* PDFPageScrubber.swift */,
				4D23762322E83F8C0037980C /* PDFPageScrubberTrackControl.swift */,
				4D23762422E83F8C0037980C /* PDFThumbnailViewController.swift */,
				4D23762522E83F8C0037980C /* PDFDocumentLink.swift */,
				4D23762622E83F8C0037980C /* CGPDFDocument.swift */,
				4D23762722E83F8C0037980C /* PDFThumbnailView.swift */,
				4D23762822E83F8C0037980C /* PDFSnapshotCache.swift */,
				4D23762922E83F8C0037980C /* PDFPageContentView.swift */,
				4D23762A22E83F8C0037980C /* PDFThumbnailViewCell.swift */,
			);
			path = Renderer;
			sourceTree = "<group>";
		};
		4D23762B22E83F8C0037980C /* Form */ = {
			isa = PBXGroup;
			children = (
				4D23762C22E83F8C0037980C /* PDFArray.swift */,
				4D23762D22E83F8C0037980C /* PDFDictionary.swift */,
				4D23762E22E83F8C0037980C /* PDFFormButtonField.swift */,
				4D23762F22E83F8C0037980C /* PDFFormSignatureField.swift */,
				4D23763022E83F8C0037980C /* PDFFormField.swift */,
				4D23763122E83F8C0037980C /* PDFToggleButton.swift */,
				4D23763222E83F8C0037980C /* PDFObjectParser.swift */,
				4D23763322E83F8C0037980C /* PDFFormTextField.swift */,
				4D23763422E83F8C0037980C /* PDFFormViewController.swift */,
				4D23763522E83F8C0037980C /* PDFFormPageView.swift */,
			);
			path = Form;
			sourceTree = "<group>";
		};
		4D23763722E83F8C0037980C /* Extensions */ = {
			isa = PBXGroup;
			children = (
				4D23763822E83F8C0037980C /* UIColor.swift */,
				4D23763922E83F8C0037980C /* CGPoint.swift */,
				4D23763A22E83F8C0037980C /* UIImage.swift */,
				4D23763B22E83F8C0037980C /* UIViewController.swift */,
				4D23763C22E83F8C0037980C /* CGRect.swift */,
			);
			path = Extensions;
			sourceTree = "<group>";
		};
		4D23763D22E83F8C0037980C /* Annotations */ = {
			isa = PBXGroup;
			children = (
				4D23763E22E83F8C0037980C /* PDFAnnotationController.swift */,
				4D23763F22E83F8C0037980C /* PDFAnnotationStore.swift */,
				4D23764022E83F8C0037980C /* PDFAnnotation.swift */,
				4D23764122E83F8C0037980C /* PDFPathAnnotation.swift */,
				4D23764222E83F8C0037980C /* PDFTextAnnotation.swift */,
				4D2376A322EED85C0037980C /* PDFCircleAnnotation.swift */,
			);
			path = Annotations;
			sourceTree = "<group>";
		};
		4D23764322E83F8C0037980C /* Model */ = {
			isa = PBXGroup;
			children = (
				4D23764422E83F8C0037980C /* PDFActionGoTo.swift */,
				4D23764522E83F8C0037980C /* PDFAction.swift */,
				4D23764622E83F8C0037980C /* PDFActionURL.swift */,
			);
			path = Model;
			sourceTree = "<group>";
		};
		4D23764722E83F8C0037980C /* View */ = {
			isa = PBXGroup;
			children = (
				4D23764822E83F8C0037980C /* ResizeableView.swift */,
				4D23764922E83F8C0037980C /* PDFBarButton.swift */,
			);
			path = View;
			sourceTree = "<group>";
		};
		4D23764A22E83F8C0037980C /* TextParser */ = {
			isa = PBXGroup;
			children = (
				4D23764B22E83F8C0037980C /* PDFTextParser.swift */,
			);
			path = TextParser;
			sourceTree = "<group>";
		};
		4D23764C22E83F8C0037980C /* Assets */ = {
			isa = PBXGroup;
			children = (
				4D23764D22E83F8C0037980C /* .gitkeep */,
				4D23764E22E83F8C0037980C /* Images.xcassets */,
			);
			path = Assets;
			sourceTree = "<group>";
		};
		4D23768C22E97F910037980C /* Network */ = {
			isa = PBXGroup;
			children = (
				4D23768D22E97F910037980C /* Network.swift */,
			);
			path = Network;
			sourceTree = "<group>";
		};
		8F2C225840DD9E31FF9505F2 /* Frameworks */ = {
			isa = PBXGroup;
			children = (
				91E673C631E5B2A6496B3292 /* Pods_PDF.framework */,
				2F695A4316F0242A8554E65B /* Pods_PDFTests.framework */,
				880355D78A7EEECADE4FFDF9 /* Pods_PDFUITests.framework */,
			);
			name = Frameworks;
			sourceTree = "<group>";
		};
		A80CECEFC5B745BC0CF876F3 /* Pods */ = {
			isa = PBXGroup;
			children = (
				D83036E3C5BCCDA138BE8150 /* Pods-PDF.debug.xcconfig */,
				5DAADCA6DFF5E2646383FF0B /* Pods-PDF.release.xcconfig */,
				6AA2CA0FE2CC61A4AE75310D /* Pods-PDFTests.debug.xcconfig */,
				2D76E6FBD6E4319E43E92450 /* Pods-PDFTests.release.xcconfig */,
				6DA3CD20947DC21299674449 /* Pods-PDFUITests.debug.xcconfig */,
				66D041F27ADC82796F0C57D3 /* Pods-PDFUITests.release.xcconfig */,
			);
			path = Pods;
			sourceTree = "<group>";
		};
/* End PBXGroup section */

/* Begin PBXNativeTarget section */
		4D2375E222E83F770037980C /* PDF */ = {
			isa = PBXNativeTarget;
			buildConfigurationList = 4D23760E22E83F790037980C /* Build configuration list for PBXNativeTarget "PDF" */;
			buildPhases = (
				D7B91E26449B34F4768B1AB1 /* [CP] Check Pods Manifest.lock */,
				4D2375DF22E83F770037980C /* Sources */,
				4D2375E022E83F770037980C /* Frameworks */,
				4D2375E122E83F770037980C /* Resources */,
				7CC035DFD50E06A614D82AE7 /* [CP] Embed Pods Frameworks */,
			);
			buildRules = (
			);
			dependencies = (
			);
			name = PDF;
			productName = PDF;
			productReference = 4D2375E322E83F770037980C /* PDF.app */;
			productType = "com.apple.product-type.application";
		};
		4D2375F922E83F790037980C /* PDFTests */ = {
			isa = PBXNativeTarget;
			buildConfigurationList = 4D23761122E83F790037980C /* Build configuration list for PBXNativeTarget "PDFTests" */;
			buildPhases = (
				A08A0878A53C8029DF9077F6 /* [CP] Check Pods Manifest.lock */,
				4D2375F622E83F790037980C /* Sources */,
				4D2375F722E83F790037980C /* Frameworks */,
				4D2375F822E83F790037980C /* Resources */,
			);
			buildRules = (
			);
			dependencies = (
				4D2375FC22E83F790037980C /* PBXTargetDependency */,
			);
			name = PDFTests;
			productName = PDFTests;
			productReference = 4D2375FA22E83F790037980C /* PDFTests.xctest */;
			productType = "com.apple.product-type.bundle.unit-test";
		};
		4D23760422E83F790037980C /* PDFUITests */ = {
			isa = PBXNativeTarget;
			buildConfigurationList = 4D23761422E83F790037980C /* Build configuration list for PBXNativeTarget "PDFUITests" */;
			buildPhases = (
				39DD9DDBC3AFB9E5C5CFDC62 /* [CP] Check Pods Manifest.lock */,
				4D23760122E83F790037980C /* Sources */,
				4D23760222E83F790037980C /* Frameworks */,
				4D23760322E83F790037980C /* Resources */,
			);
			buildRules = (
			);
			dependencies = (
				4D23760722E83F790037980C /* PBXTargetDependency */,
			);
			name = PDFUITests;
			productName = PDFUITests;
			productReference = 4D23760522E83F790037980C /* PDFUITests.xctest */;
			productType = "com.apple.product-type.bundle.ui-testing";
		};
/* End PBXNativeTarget section */

/* Begin PBXProject section */
		4D2375DB22E83F770037980C /* Project object */ = {
			isa = PBXProject;
			attributes = {
				LastSwiftUpdateCheck = 1020;
				LastUpgradeCheck = 1020;
				ORGANIZATIONNAME = PDF;
				TargetAttributes = {
					4D2375E222E83F770037980C = {
						CreatedOnToolsVersion = 10.2.1;
					};
					4D2375F922E83F790037980C = {
						CreatedOnToolsVersion = 10.2.1;
						TestTargetID = 4D2375E222E83F770037980C;
					};
					4D23760422E83F790037980C = {
						CreatedOnToolsVersion = 10.2.1;
						TestTargetID = 4D2375E222E83F770037980C;
					};
				};
			};
			buildConfigurationList = 4D2375DE22E83F770037980C /* Build configuration list for PBXProject "PDF" */;
			compatibilityVersion = "Xcode 9.3";
			developmentRegion = en;
			hasScannedForEncodings = 0;
			knownRegions = (
				en,
				Base,
			);
			mainGroup = 4D2375DA22E83F770037980C;
			productRefGroup = 4D2375E422E83F770037980C /* Products */;
			projectDirPath = "";
			projectRoot = "";
			targets = (
				4D2375E222E83F770037980C /* PDF */,
				4D2375F922E83F790037980C /* PDFTests */,
				4D23760422E83F790037980C /* PDFUITests */,
			);
		};
/* End PBXProject section */

/* Begin PBXResourcesBuildPhase section */
		4D2375E122E83F770037980C /* Resources */ = {
			isa = PBXResourcesBuildPhase;
			buildActionMask = 2147483647;
			files = (
				4D23767E22E841370037980C /* JAVA.pdf in Resources */,
				4D2375F422E83F790037980C /* LaunchScreen.storyboard in Resources */,
				4D2375F122E83F790037980C /* Assets.xcassets in Resources */,
				4D23768022E846E30037980C /* sample2.pdf in Resources */,
				4D23767B22E83F8C0037980C /* .gitkeep in Resources */,
				4D23767C22E83F8C0037980C /* Images.xcassets in Resources */,
				4D2375EC22E83F770037980C /* Main.storyboard in Resources */,
				4D23768B22E97EE70037980C /* page_1.pdf in Resources */,
			);
			runOnlyForDeploymentPostprocessing = 0;
		};
		4D2375F822E83F790037980C /* Resources */ = {
			isa = PBXResourcesBuildPhase;
			buildActionMask = 2147483647;
			files = (
			);
			runOnlyForDeploymentPostprocessing = 0;
		};
		4D23760322E83F790037980C /* Resources */ = {
			isa = PBXResourcesBuildPhase;
			buildActionMask = 2147483647;
			files = (
			);
			runOnlyForDeploymentPostprocessing = 0;
		};
/* End PBXResourcesBuildPhase section */

/* Begin PBXShellScriptBuildPhase section */
		39DD9DDBC3AFB9E5C5CFDC62 /* [CP] Check Pods Manifest.lock */ = {
			isa = PBXShellScriptBuildPhase;
			buildActionMask = 2147483647;
			files = (
			);
			inputFileListPaths = (
			);
			inputPaths = (
				"${PODS_PODFILE_DIR_PATH}/Podfile.lock",
				"${PODS_ROOT}/Manifest.lock",
			);
			name = "[CP] Check Pods Manifest.lock";
			outputFileListPaths = (
			);
			outputPaths = (
				"$(DERIVED_FILE_DIR)/Pods-PDFUITests-checkManifestLockResult.txt",
			);
			runOnlyForDeploymentPostprocessing = 0;
			shellPath = /bin/sh;
			shellScript = "diff \"${PODS_PODFILE_DIR_PATH}/Podfile.lock\" \"${PODS_ROOT}/Manifest.lock\" > /dev/null\nif [ $? != 0 ] ; then\n    # print error to STDERR\n    echo \"error: The sandbox is not in sync with the Podfile.lock. Run 'pod install' or update your CocoaPods installation.\" >&2\n    exit 1\nfi\n# This output is used by Xcode 'outputs' to avoid re-running this script phase.\necho \"SUCCESS\" > \"${SCRIPT_OUTPUT_FILE_0}\"\n";
			showEnvVarsInLog = 0;
		};
		7CC035DFD50E06A614D82AE7 /* [CP] Embed Pods Frameworks */ = {
			isa = PBXShellScriptBuildPhase;
			buildActionMask = 2147483647;
			files = (
			);
			inputFileListPaths = (
				"${PODS_ROOT}/Target Support Files/Pods-PDF/Pods-PDF-frameworks-${CONFIGURATION}-input-files.xcfilelist",
			);
			name = "[CP] Embed Pods Frameworks";
			outputFileListPaths = (
				"${PODS_ROOT}/Target Support Files/Pods-PDF/Pods-PDF-frameworks-${CONFIGURATION}-output-files.xcfilelist",
			);
			runOnlyForDeploymentPostprocessing = 0;
			shellPath = /bin/sh;
			shellScript = "\"${PODS_ROOT}/Target Support Files/Pods-PDF/Pods-PDF-frameworks.sh\"\n";
			showEnvVarsInLog = 0;
		};
		A08A0878A53C8029DF9077F6 /* [CP] Check Pods Manifest.lock */ = {
			isa = PBXShellScriptBuildPhase;
			buildActionMask = 2147483647;
			files = (
			);
			inputFileListPaths = (
			);
			inputPaths = (
				"${PODS_PODFILE_DIR_PATH}/Podfile.lock",
				"${PODS_ROOT}/Manifest.lock",
			);
			name = "[CP] Check Pods Manifest.lock";
			outputFileListPaths = (
			);
			outputPaths = (
				"$(DERIVED_FILE_DIR)/Pods-PDFTests-checkManifestLockResult.txt",
			);
			runOnlyForDeploymentPostprocessing = 0;
			shellPath = /bin/sh;
			shellScript = "diff \"${PODS_PODFILE_DIR_PATH}/Podfile.lock\" \"${PODS_ROOT}/Manifest.lock\" > /dev/null\nif [ $? != 0 ] ; then\n    # print error to STDERR\n    echo \"error: The sandbox is not in sync with the Podfile.lock. Run 'pod install' or update your CocoaPods installation.\" >&2\n    exit 1\nfi\n# This output is used by Xcode 'outputs' to avoid re-running this script phase.\necho \"SUCCESS\" > \"${SCRIPT_OUTPUT_FILE_0}\"\n";
			showEnvVarsInLog = 0;
		};
		D7B91E26449B34F4768B1AB1 /* [CP] Check Pods Manifest.lock */ = {
			isa = PBXShellScriptBuildPhase;
			buildActionMask = 2147483647;
			files = (
			);
			inputFileListPaths = (
			);
			inputPaths = (
				"${PODS_PODFILE_DIR_PATH}/Podfile.lock",
				"${PODS_ROOT}/Manifest.lock",
			);
			name = "[CP] Check Pods Manifest.lock";
			outputFileListPaths = (
			);
			outputPaths = (
				"$(DERIVED_FILE_DIR)/Pods-PDF-checkManifestLockResult.txt",
			);
			runOnlyForDeploymentPostprocessing = 0;
			shellPath = /bin/sh;
			shellScript = "diff \"${PODS_PODFILE_DIR_PATH}/Podfile.lock\" \"${PODS_ROOT}/Manifest.lock\" > /dev/null\nif [ $? != 0 ] ; then\n    # print error to STDERR\n    echo \"error: The sandbox is not in sync with the Podfile.lock. Run 'pod install' or update your CocoaPods installation.\" >&2\n    exit 1\nfi\n# This output is used by Xcode 'outputs' to avoid re-running this script phase.\necho \"SUCCESS\" > \"${SCRIPT_OUTPUT_FILE_0}\"\n";
			showEnvVarsInLog = 0;
		};
/* End PBXShellScriptBuildPhase section */

/* Begin PBXSourcesBuildPhase section */
		4D2375DF22E83F770037980C /* Sources */ = {
			isa = PBXSourcesBuildPhase;
			buildActionMask = 2147483647;
			files = (
				4D23767922E83F8C0037980C /* PDFBarButton.swift in Sources */,
				4D2375E922E83F770037980C /* ViewController.swift in Sources */,
				4D23765B22E83F8C0037980C /* CGPDFDocument.swift in Sources */,
				4D23765122E83F8C0037980C /* PDFSinglePageViewer.swift in Sources */,
				4D23765622E83F8C0037980C /* PDFPageContent.swift in Sources */,
				4D23766522E83F8C0037980C /* PDFToggleButton.swift in Sources */,
				4D23765422E83F8C0037980C /* PDFPageScrubberThumb.swift in Sources */,
				4D23765522E83F8C0037980C /* PDFDocument.swift in Sources */,
				4D23766622E83F8C0037980C /* PDFObjectParser.swift in Sources */,
				4D23766E22E83F8C0037980C /* UIViewController.swift in Sources */,
				4D23767A22E83F8C0037980C /* PDFTextParser.swift in Sources */,
				4D23767722E83F8C0037980C /* PDFActionURL.swift in Sources */,
				4D23765A22E83F8C0037980C /* PDFDocumentLink.swift in Sources */,
				4D23766222E83F8C0037980C /* PDFFormButtonField.swift in Sources */,
				4D23768E22E97F910037980C /* Network.swift in Sources */,
				4D23766822E83F8C0037980C /* PDFFormViewController.swift in Sources */,
				4D23767422E83F8C0037980C /* PDFTextAnnotation.swift in Sources */,
				4D23766422E83F8C0037980C /* PDFFormField.swift in Sources */,
				4D23766D22E83F8C0037980C /* UIImage.swift in Sources */,
				4D2375EF22E83F770037980C /* PDF.xcdatamodeld in Sources */,
				4D23765322E83F8C0037980C /* PDFSinglePageCell.swift in Sources */,
				4D23765D22E83F8C0037980C /* PDFSnapshotCache.swift in Sources */,
				4D23767622E83F8C0037980C /* PDFAction.swift in Sources */,
				4D23767222E83F8C0037980C /* PDFAnnotation.swift in Sources */,
				4D23767022E83F8C0037980C /* PDFAnnotationController.swift in Sources */,
				4D23765722E83F8C0037980C /* PDFPageScrubber.swift in Sources */,
				4D23765C22E83F8C0037980C /* PDFThumbnailView.swift in Sources */,
				4D23767822E83F8C0037980C /* ResizeableView.swift in Sources */,
				4D23766722E83F8C0037980C /* PDFFormTextField.swift in Sources */,
				4D23766922E83F8C0037980C /* PDFFormPageView.swift in Sources */,
				4D23765922E83F8C0037980C /* PDFThumbnailViewController.swift in Sources */,
				4D23765822E83F8C0037980C /* PDFPageScrubberTrackControl.swift in Sources */,
				4D23766B22E83F8C0037980C /* UIColor.swift in Sources */,
				4D23767122E83F8C0037980C /* PDFAnnotationStore.swift in Sources */,
				4D23765222E83F8C0037980C /* PDFPageTileLayer.swift in Sources */,
				4D23766022E83F8C0037980C /* PDFArray.swift in Sources */,
				4D23765022E83F8C0037980C /* PDFRenderer.swift in Sources */,
				4D23766F22E83F8C0037980C /* CGRect.swift in Sources */,
				4D23767322E83F8C0037980C /* PDFPathAnnotation.swift in Sources */,
				4D23766322E83F8C0037980C /* PDFFormSignatureField.swift in Sources */,
				4D23765E22E83F8C0037980C /* PDFPageContentView.swift in Sources */,
				4D2376A422EED85D0037980C /* PDFCircleAnnotation.swift in Sources */,
				4D2375E722E83F770037980C /* AppDelegate.swift in Sources */,
				4D23766C22E83F8C0037980C /* CGPoint.swift in Sources */,
				4D23765F22E83F8C0037980C /* PDFThumbnailViewCell.swift in Sources */,
				4D23766122E83F8C0037980C /* PDFDictionary.swift in Sources */,
				4D23764F22E83F8C0037980C /* PDFViewController.swift in Sources */,
				4D23767522E83F8C0037980C /* PDFActionGoTo.swift in Sources */,
			);
			runOnlyForDeploymentPostprocessing = 0;
		};
		4D2375F622E83F790037980C /* Sources */ = {
			isa = PBXSourcesBuildPhase;
			buildActionMask = 2147483647;
			files = (
				4D2375FF22E83F790037980C /* PDFTests.swift in Sources */,
			);
			runOnlyForDeploymentPostprocessing = 0;
		};
		4D23760122E83F790037980C /* Sources */ = {
			isa = PBXSourcesBuildPhase;
			buildActionMask = 2147483647;
			files = (
				4D23760A22E83F790037980C /* PDFUITests.swift in Sources */,
			);
			runOnlyForDeploymentPostprocessing = 0;
		};
/* End PBXSourcesBuildPhase section */

/* Begin PBXTargetDependency section */
		4D2375FC22E83F790037980C /* PBXTargetDependency */ = {
			isa = PBXTargetDependency;
			target = 4D2375E222E83F770037980C /* PDF */;
			targetProxy = 4D2375FB22E83F790037980C /* PBXContainerItemProxy */;
		};
		4D23760722E83F790037980C /* PBXTargetDependency */ = {
			isa = PBXTargetDependency;
			target = 4D2375E222E83F770037980C /* PDF */;
			targetProxy = 4D23760622E83F790037980C /* PBXContainerItemProxy */;
		};
/* End PBXTargetDependency section */

/* Begin PBXVariantGroup section */
		4D2375EA22E83F770037980C /* Main.storyboard */ = {
			isa = PBXVariantGroup;
			children = (
				4D2375EB22E83F770037980C /* Base */,
			);
			name = Main.storyboard;
			sourceTree = "<group>";
		};
		4D2375F222E83F790037980C /* LaunchScreen.storyboard */ = {
			isa = PBXVariantGroup;
			children = (
				4D2375F322E83F790037980C /* Base */,
			);
			name = LaunchScreen.storyboard;
			sourceTree = "<group>";
		};
/* End PBXVariantGroup section */

/* Begin XCBuildConfiguration section */
		4D23760C22E83F790037980C /* Debug */ = {
			isa = XCBuildConfiguration;
			buildSettings = {
				ALWAYS_SEARCH_USER_PATHS = NO;
				CLANG_ANALYZER_NONNULL = YES;
				CLANG_ANALYZER_NUMBER_OBJECT_CONVERSION = YES_AGGRESSIVE;
				CLANG_CXX_LANGUAGE_STANDARD = "gnu++14";
				CLANG_CXX_LIBRARY = "libc++";
				CLANG_ENABLE_MODULES = YES;
				CLANG_ENABLE_OBJC_ARC = YES;
				CLANG_ENABLE_OBJC_WEAK = YES;
				CLANG_WARN_BLOCK_CAPTURE_AUTORELEASING = YES;
				CLANG_WARN_BOOL_CONVERSION = YES;
				CLANG_WARN_COMMA = YES;
				CLANG_WARN_CONSTANT_CONVERSION = YES;
				CLANG_WARN_DEPRECATED_OBJC_IMPLEMENTATIONS = YES;
				CLANG_WARN_DIRECT_OBJC_ISA_USAGE = YES_ERROR;
				CLANG_WARN_DOCUMENTATION_COMMENTS = YES;
				CLANG_WARN_EMPTY_BODY = YES;
				CLANG_WARN_ENUM_CONVERSION = YES;
				CLANG_WARN_INFINITE_RECURSION = YES;
				CLANG_WARN_INT_CONVERSION = YES;
				CLANG_WARN_NON_LITERAL_NULL_CONVERSION = YES;
				CLANG_WARN_OBJC_IMPLICIT_RETAIN_SELF = YES;
				CLANG_WARN_OBJC_LITERAL_CONVERSION = YES;
				CLANG_WARN_OBJC_ROOT_CLASS = YES_ERROR;
				CLANG_WARN_RANGE_LOOP_ANALYSIS = YES;
				CLANG_WARN_STRICT_PROTOTYPES = YES;
				CLANG_WARN_SUSPICIOUS_MOVE = YES;
				CLANG_WARN_UNGUARDED_AVAILABILITY = YES_AGGRESSIVE;
				CLANG_WARN_UNREACHABLE_CODE = YES;
				CLANG_WARN__DUPLICATE_METHOD_MATCH = YES;
				CODE_SIGN_IDENTITY = "iPhone Developer";
				COPY_PHASE_STRIP = NO;
				DEBUG_INFORMATION_FORMAT = dwarf;
				ENABLE_STRICT_OBJC_MSGSEND = YES;
				ENABLE_TESTABILITY = YES;
				GCC_C_LANGUAGE_STANDARD = gnu11;
				GCC_DYNAMIC_NO_PIC = NO;
				GCC_NO_COMMON_BLOCKS = YES;
				GCC_OPTIMIZATION_LEVEL = 0;
				GCC_PREPROCESSOR_DEFINITIONS = (
					"DEBUG=1",
					"$(inherited)",
				);
				GCC_WARN_64_TO_32_BIT_CONVERSION = YES;
				GCC_WARN_ABOUT_RETURN_TYPE = YES_ERROR;
				GCC_WARN_UNDECLARED_SELECTOR = YES;
				GCC_WARN_UNINITIALIZED_AUTOS = YES_AGGRESSIVE;
				GCC_WARN_UNUSED_FUNCTION = YES;
				GCC_WARN_UNUSED_VARIABLE = YES;
				IPHONEOS_DEPLOYMENT_TARGET = 12.2;
				MTL_ENABLE_DEBUG_INFO = INCLUDE_SOURCE;
				MTL_FAST_MATH = YES;
				ONLY_ACTIVE_ARCH = YES;
				SDKROOT = iphoneos;
				SWIFT_ACTIVE_COMPILATION_CONDITIONS = DEBUG;
				SWIFT_OPTIMIZATION_LEVEL = "-Onone";
			};
			name = Debug;
		};
		4D23760D22E83F790037980C /* Release */ = {
			isa = XCBuildConfiguration;
			buildSettings = {
				ALWAYS_SEARCH_USER_PATHS = NO;
				CLANG_ANALYZER_NONNULL = YES;
				CLANG_ANALYZER_NUMBER_OBJECT_CONVERSION = YES_AGGRESSIVE;
				CLANG_CXX_LANGUAGE_STANDARD = "gnu++14";
				CLANG_CXX_LIBRARY = "libc++";
				CLANG_ENABLE_MODULES = YES;
				CLANG_ENABLE_OBJC_ARC = YES;
				CLANG_ENABLE_OBJC_WEAK = YES;
				CLANG_WARN_BLOCK_CAPTURE_AUTORELEASING = YES;
				CLANG_WARN_BOOL_CONVERSION = YES;
				CLANG_WARN_COMMA = YES;
				CLANG_WARN_CONSTANT_CONVERSION = YES;
				CLANG_WARN_DEPRECATED_OBJC_IMPLEMENTATIONS = YES;
				CLANG_WARN_DIRECT_OBJC_ISA_USAGE = YES_ERROR;
				CLANG_WARN_DOCUMENTATION_COMMENTS = YES;
				CLANG_WARN_EMPTY_BODY = YES;
				CLANG_WARN_ENUM_CONVERSION = YES;
				CLANG_WARN_INFINITE_RECURSION = YES;
				CLANG_WARN_INT_CONVERSION = YES;
				CLANG_WARN_NON_LITERAL_NULL_CONVERSION = YES;
				CLANG_WARN_OBJC_IMPLICIT_RETAIN_SELF = YES;
				CLANG_WARN_OBJC_LITERAL_CONVERSION = YES;
				CLANG_WARN_OBJC_ROOT_CLASS = YES_ERROR;
				CLANG_WARN_RANGE_LOOP_ANALYSIS = YES;
				CLANG_WARN_STRICT_PROTOTYPES = YES;
				CLANG_WARN_SUSPICIOUS_MOVE = YES;
				CLANG_WARN_UNGUARDED_AVAILABILITY = YES_AGGRESSIVE;
				CLANG_WARN_UNREACHABLE_CODE = YES;
				CLANG_WARN__DUPLICATE_METHOD_MATCH = YES;
				CODE_SIGN_IDENTITY = "iPhone Developer";
				COPY_PHASE_STRIP = NO;
				DEBUG_INFORMATION_FORMAT = "dwarf-with-dsym";
				ENABLE_NS_ASSERTIONS = NO;
				ENABLE_STRICT_OBJC_MSGSEND = YES;
				GCC_C_LANGUAGE_STANDARD = gnu11;
				GCC_NO_COMMON_BLOCKS = YES;
				GCC_WARN_64_TO_32_BIT_CONVERSION = YES;
				GCC_WARN_ABOUT_RETURN_TYPE = YES_ERROR;
				GCC_WARN_UNDECLARED_SELECTOR = YES;
				GCC_WARN_UNINITIALIZED_AUTOS = YES_AGGRESSIVE;
				GCC_WARN_UNUSED_FUNCTION = YES;
				GCC_WARN_UNUSED_VARIABLE = YES;
				IPHONEOS_DEPLOYMENT_TARGET = 12.2;
				MTL_ENABLE_DEBUG_INFO = NO;
				MTL_FAST_MATH = YES;
				SDKROOT = iphoneos;
				SWIFT_COMPILATION_MODE = wholemodule;
				SWIFT_OPTIMIZATION_LEVEL = "-O";
				VALIDATE_PRODUCT = YES;
			};
			name = Release;
		};
		4D23760F22E83F790037980C /* Debug */ = {
			isa = XCBuildConfiguration;
			baseConfigurationReference = D83036E3C5BCCDA138BE8150 /* Pods-PDF.debug.xcconfig */;
			buildSettings = {
				ASSETCATALOG_COMPILER_APPICON_NAME = AppIcon;
				CODE_SIGN_IDENTITY = "iPhone Developer";
				CODE_SIGN_STYLE = Automatic;
				DEVELOPMENT_TEAM = 6AG7TV4L4C;
				INFOPLIST_FILE = PDF/Info.plist;
				IPHONEOS_DEPLOYMENT_TARGET = 11.1;
				LD_RUNPATH_SEARCH_PATHS = (
					"$(inherited)",
					"@executable_path/Frameworks",
				);
				PRODUCT_BUNDLE_IDENTIFIER = com.buzzy.PDF;
				PRODUCT_NAME = "$(TARGET_NAME)";
				PROVISIONING_PROFILE_SPECIFIER = "";
				SWIFT_VERSION = 5.0;
				TARGETED_DEVICE_FAMILY = "1,2";
			};
			name = Debug;
		};
		4D23761022E83F790037980C /* Release */ = {
			isa = XCBuildConfiguration;
			baseConfigurationReference = 5DAADCA6DFF5E2646383FF0B /* Pods-PDF.release.xcconfig */;
			buildSettings = {
				ASSETCATALOG_COMPILER_APPICON_NAME = AppIcon;
				CODE_SIGN_IDENTITY = "iPhone Developer";
				CODE_SIGN_STYLE = Automatic;
				DEVELOPMENT_TEAM = 6AG7TV4L4C;
				INFOPLIST_FILE = PDF/Info.plist;
				IPHONEOS_DEPLOYMENT_TARGET = 11.1;
				LD_RUNPATH_SEARCH_PATHS = (
					"$(inherited)",
					"@executable_path/Frameworks",
				);
				PRODUCT_BUNDLE_IDENTIFIER = com.buzzy.PDF;
				PRODUCT_NAME = "$(TARGET_NAME)";
				PROVISIONING_PROFILE_SPECIFIER = "";
				SWIFT_VERSION = 5.0;
				TARGETED_DEVICE_FAMILY = "1,2";
			};
			name = Release;
		};
		4D23761222E83F790037980C /* Debug */ = {
			isa = XCBuildConfiguration;
			baseConfigurationReference = 6AA2CA0FE2CC61A4AE75310D /* Pods-PDFTests.debug.xcconfig */;
			buildSettings = {
				ALWAYS_EMBED_SWIFT_STANDARD_LIBRARIES = YES;
				BUNDLE_LOADER = "$(TEST_HOST)";
				CODE_SIGN_STYLE = Automatic;
				INFOPLIST_FILE = PDFTests/Info.plist;
				LD_RUNPATH_SEARCH_PATHS = (
					"$(inherited)",
					"@executable_path/Frameworks",
					"@loader_path/Frameworks",
				);
				PRODUCT_BUNDLE_IDENTIFIER = com.TeleHealth.PDFTests;
				PRODUCT_NAME = "$(TARGET_NAME)";
				SWIFT_VERSION = 5.0;
				TARGETED_DEVICE_FAMILY = "1,2";
				TEST_HOST = "$(BUILT_PRODUCTS_DIR)/PDF.app/PDF";
			};
			name = Debug;
		};
		4D23761322E83F790037980C /* Release */ = {
			isa = XCBuildConfiguration;
			baseConfigurationReference = 2D76E6FBD6E4319E43E92450 /* Pods-PDFTests.release.xcconfig */;
			buildSettings = {
				ALWAYS_EMBED_SWIFT_STANDARD_LIBRARIES = YES;
				BUNDLE_LOADER = "$(TEST_HOST)";
				CODE_SIGN_STYLE = Automatic;
				INFOPLIST_FILE = PDFTests/Info.plist;
				LD_RUNPATH_SEARCH_PATHS = (
					"$(inherited)",
					"@executable_path/Frameworks",
					"@loader_path/Frameworks",
				);
				PRODUCT_BUNDLE_IDENTIFIER = com.TeleHealth.PDFTests;
				PRODUCT_NAME = "$(TARGET_NAME)";
				SWIFT_VERSION = 5.0;
				TARGETED_DEVICE_FAMILY = "1,2";
				TEST_HOST = "$(BUILT_PRODUCTS_DIR)/PDF.app/PDF";
			};
			name = Release;
		};
		4D23761522E83F790037980C /* Debug */ = {
			isa = XCBuildConfiguration;
			baseConfigurationReference = 6DA3CD20947DC21299674449 /* Pods-PDFUITests.debug.xcconfig */;
			buildSettings = {
				ALWAYS_EMBED_SWIFT_STANDARD_LIBRARIES = YES;
				CODE_SIGN_STYLE = Automatic;
				INFOPLIST_FILE = PDFUITests/Info.plist;
				LD_RUNPATH_SEARCH_PATHS = (
					"$(inherited)",
					"@executable_path/Frameworks",
					"@loader_path/Frameworks",
				);
				PRODUCT_BUNDLE_IDENTIFIER = com.TeleHealth.PDFUITests;
				PRODUCT_NAME = "$(TARGET_NAME)";
				SWIFT_VERSION = 5.0;
				TARGETED_DEVICE_FAMILY = "1,2";
				TEST_TARGET_NAME = PDF;
			};
			name = Debug;
		};
		4D23761622E83F790037980C /* Release */ = {
			isa = XCBuildConfiguration;
			baseConfigurationReference = 66D041F27ADC82796F0C57D3 /* Pods-PDFUITests.release.xcconfig */;
			buildSettings = {
				ALWAYS_EMBED_SWIFT_STANDARD_LIBRARIES = YES;
				CODE_SIGN_STYLE = Automatic;
				INFOPLIST_FILE = PDFUITests/Info.plist;
				LD_RUNPATH_SEARCH_PATHS = (
					"$(inherited)",
					"@executable_path/Frameworks",
					"@loader_path/Frameworks",
				);
				PRODUCT_BUNDLE_IDENTIFIER = com.TeleHealth.PDFUITests;
				PRODUCT_NAME = "$(TARGET_NAME)";
				SWIFT_VERSION = 5.0;
				TARGETED_DEVICE_FAMILY = "1,2";
				TEST_TARGET_NAME = PDF;
			};
			name = Release;
		};
/* End XCBuildConfiguration section */

/* Begin XCConfigurationList section */
		4D2375DE22E83F770037980C /* Build configuration list for PBXProject "PDF" */ = {
			isa = XCConfigurationList;
			buildConfigurations = (
				4D23760C22E83F790037980C /* Debug */,
				4D23760D22E83F790037980C /* Release */,
			);
			defaultConfigurationIsVisible = 0;
			defaultConfigurationName = Release;
		};
		4D23760E22E83F790037980C /* Build configuration list for PBXNativeTarget "PDF" */ = {
			isa = XCConfigurationList;
			buildConfigurations = (
				4D23760F22E83F790037980C /* Debug */,
				4D23761022E83F790037980C /* Release */,
			);
			defaultConfigurationIsVisible = 0;
			defaultConfigurationName = Release;
		};
		4D23761122E83F790037980C /* Build configuration list for PBXNativeTarget "PDFTests" */ = {
			isa = XCConfigurationList;
			buildConfigurations = (
				4D23761222E83F790037980C /* Debug */,
				4D23761322E83F790037980C /* Release */,
			);
			defaultConfigurationIsVisible = 0;
			defaultConfigurationName = Release;
		};
		4D23761422E83F790037980C /* Build configuration list for PBXNativeTarget "PDFUITests" */ = {
			isa = XCConfigurationList;
			buildConfigurations = (
				4D23761522E83F790037980C /* Debug */,
				4D23761622E83F790037980C /* Release */,
			);
			defaultConfigurationIsVisible = 0;
			defaultConfigurationName = Release;
		};
/* End XCConfigurationList section */

/* Begin XCVersionGroup section */
		4D2375ED22E83F770037980C /* PDF.xcdatamodeld */ = {
			isa = XCVersionGroup;
			children = (
				4D2375EE22E83F770037980C /* PDF.xcdatamodel */,
			);
			currentVersion = 4D2375EE22E83F770037980C /* PDF.xcdatamodel */;
			path = PDF.xcdatamodeld;
			sourceTree = "<group>";
			versionGroupType = wrapper.xcdatamodel;
		};
/* End XCVersionGroup section */
	};
	rootObject = 4D2375DB22E83F770037980C /* Project object */;
}
